// !$*UTF8*$!
{
	archiveVersion = 1;
	classes = {
	};
	objectVersion = 50;
	objects = {

/* Begin PBXBuildFile section */
		7F44375125C59B2B0002ED32 /* TaxiNearMe_SGApp.swift in Sources */ = {isa = PBXBuildFile; fileRef = 7F44375025C59B2B0002ED32 /* TaxiNearMe_SGApp.swift */; };
		7F44375325C59B2B0002ED32 /* ContentView.swift in Sources */ = {isa = PBXBuildFile; fileRef = 7F44375225C59B2B0002ED32 /* ContentView.swift */; };
		7F44375525C59B2E0002ED32 /* Assets.xcassets in Resources */ = {isa = PBXBuildFile; fileRef = 7F44375425C59B2E0002ED32 /* Assets.xcassets */; };
		7F44375825C59B2E0002ED32 /* Preview Assets.xcassets in Resources */ = {isa = PBXBuildFile; fileRef = 7F44375725C59B2E0002ED32 /* Preview Assets.xcassets */; };
		7F44376125C59B620002ED32 /* LocationDelegate.swift in Sources */ = {isa = PBXBuildFile; fileRef = 7F44376025C59B620002ED32 /* LocationDelegate.swift */; };
		7F44376425C59D280002ED32 /* CurrentLocation.swift in Sources */ = {isa = PBXBuildFile; fileRef = 7F44376325C59D280002ED32 /* CurrentLocation.swift */; };
/* End PBXBuildFile section */

/* Begin PBXFileReference section */
		7F44374D25C59B2B0002ED32 /* TaxiNearMe_SG.app */ = {isa = PBXFileReference; explicitFileType = wrapper.application; includeInIndex = 0; path = TaxiNearMe_SG.app; sourceTree = BUILT_PRODUCTS_DIR; };
		7F44375025C59B2B0002ED32 /* TaxiNearMe_SGApp.swift */ = {isa = PBXFileReference; lastKnownFileType = sourcecode.swift; path = TaxiNearMe_SGApp.swift; sourceTree = "<group>"; };
		7F44375225C59B2B0002ED32 /* ContentView.swift */ = {isa = PBXFileReference; lastKnownFileType = sourcecode.swift; path = ContentView.swift; sourceTree = "<group>"; };
		7F44375425C59B2E0002ED32 /* Assets.xcassets */ = {isa = PBXFileReference; lastKnownFileType = folder.assetcatalog; path = Assets.xcassets; sourceTree = "<group>"; };
		7F44375725C59B2E0002ED32 /* Preview Assets.xcassets */ = {isa = PBXFileReference; lastKnownFileType = folder.assetcatalog; path = "Preview Assets.xcassets"; sourceTree = "<group>"; };
		7F44375925C59B2E0002ED32 /* Info.plist */ = {isa = PBXFileReference; lastKnownFileType = text.plist.xml; path = Info.plist; sourceTree = "<group>"; };
		7F44376025C59B620002ED32 /* LocationDelegate.swift */ = {isa = PBXFileReference; lastKnownFileType = sourcecode.swift; path = LocationDelegate.swift; sourceTree = "<group>"; };
		7F44376325C59D280002ED32 /* CurrentLocation.swift */ = {isa = PBXFileReference; lastKnownFileType = sourcecode.swift; path = CurrentLocation.swift; sourceTree = "<group>"; };
/* End PBXFileReference section */

/* Begin PBXFrameworksBuildPhase section */
		7F44374A25C59B2B0002ED32 /* Frameworks */ = {
			isa = PBXFrameworksBuildPhase;
			buildActionMask = 2147483647;
			files = (
			);
			runOnlyForDeploymentPostprocessing = 0;
		};
/* End PBXFrameworksBuildPhase section */

/* Begin PBXGroup section */
		7F44374425C59B2B0002ED32 = {
			isa = PBXGroup;
			children = (
				7F44374F25C59B2B0002ED32 /* TaxiNearMe_SG */,
				7F44374E25C59B2B0002ED32 /* Products */,
			);
			sourceTree = "<group>";
		};
		7F44374E25C59B2B0002ED32 /* Products */ = {
			isa = PBXGroup;
			children = (
				7F44374D25C59B2B0002ED32 /* TaxiNearMe_SG.app */,
			);
			name = Products;
			sourceTree = "<group>";
		};
		7F44374F25C59B2B0002ED32 /* TaxiNearMe_SG */ = {
			isa = PBXGroup;
			children = (
				7F44375025C59B2B0002ED32 /* TaxiNearMe_SGApp.swift */,
				7F44375225C59B2B0002ED32 /* ContentView.swift */,
				7F44376025C59B620002ED32 /* LocationDelegate.swift */,
				7F44376325C59D280002ED32 /* CurrentLocation.swift */,
				7F44375425C59B2E0002ED32 /* Assets.xcassets */,
				7F44375925C59B2E0002ED32 /* Info.plist */,
				7F44375625C59B2E0002ED32 /* Preview Content */,
			);
			path = TaxiNearMe_SG;
			sourceTree = "<group>";
		};
		7F44375625C59B2E0002ED32 /* Preview Content */ = {
			isa = PBXGroup;
			children = (
				7F44375725C59B2E0002ED32 /* Preview Assets.xcassets */,
			);
			path = "Preview Content";
			sourceTree = "<group>";
		};
/* End PBXGroup section */

/* Begin PBXNativeTarget section */
		7F44374C25C59B2B0002ED32 /* TaxiNearMe_SG */ = {
			isa = PBXNativeTarget;
			buildConfigurationList = 7F44375C25C59B2E0002ED32 /* Build configuration list for PBXNativeTarget "TaxiNearMe_SG" */;
			buildPhases = (
				7F44374925C59B2B0002ED32 /* Sources */,
				7F44374A25C59B2B0002ED32 /* Frameworks */,
				7F44374B25C59B2B0002ED32 /* Resources */,
			);
			buildRules = (
			);
			dependencies = (
			);
			name = TaxiNearMe_SG;
			productName = TaxiNearMe_SG;
			productReference = 7F44374D25C59B2B0002ED32 /* TaxiNearMe_SG.app */;
			productType = "com.apple.product-type.application";
		};
/* End PBXNativeTarget section */

/* Begin PBXProject section */
		7F44374525C59B2B0002ED32 /* Project object */ = {
			isa = PBXProject;
			attributes = {
				LastSwiftUpdateCheck = 1220;
				LastUpgradeCheck = 1220;
				TargetAttributes = {
					7F44374C25C59B2B0002ED32 = {
						CreatedOnToolsVersion = 12.2;
					};
				};
			};
			buildConfigurationList = 7F44374825C59B2B0002ED32 /* Build configuration list for PBXProject "TaxiNearMe_SG" */;
			compatibilityVersion = "Xcode 9.3";
			developmentRegion = en;
			hasScannedForEncodings = 0;
			knownRegions = (
				en,
				Base,
			);
			mainGroup = 7F44374425C59B2B0002ED32;
			productRefGroup = 7F44374E25C59B2B0002ED32 /* Products */;
			projectDirPath = "";
			projectRoot = "";
			targets = (
				7F44374C25C59B2B0002ED32 /* TaxiNearMe_SG */,
			);
		};
/* End PBXProject section */

/* Begin PBXResourcesBuildPhase section */
		7F44374B25C59B2B0002ED32 /* Resources */ = {
			isa = PBXResourcesBuildPhase;
			buildActionMask = 2147483647;
			files = (
				7F44375825C59B2E0002ED32 /* Preview Assets.xcassets in Resources */,
				7F44375525C59B2E0002ED32 /* Assets.xcassets in Resources */,
			);
			runOnlyForDeploymentPostprocessing = 0;
		};
/* End PBXResourcesBuildPhase section */

/* Begin PBXSourcesBuildPhase section */
		7F44374925C59B2B0002ED32 /* Sources */ = {
			isa = PBXSourcesBuildPhase;
			buildActionMask = 2147483647;
			files = (
				7F44375325C59B2B0002ED32 /* ContentView.swift in Sources */,
				7F44376125C59B620002ED32 /* LocationDelegate.swift in Sources */,
				7F44376425C59D280002ED32 /* CurrentLocation.swift in Sources */,
				7F44375125C59B2B0002ED32 /* TaxiNearMe_SGApp.swift in Sources */,
			);
			runOnlyForDeploymentPostprocessing = 0;
		};
/* End PBXSourcesBuildPhase section */

/* Begin XCBuildConfiguration section */
		7F44375A25C59B2E0002ED32 /* Debug */ = {
			isa = XCBuildConfiguration;
			buildSettings = {
				ALWAYS_SEARCH_USER_PATHS = NO;
				CLANG_ANALYZER_NONNULL = YES;
				CLANG_ANALYZER_NUMBER_OBJECT_CONVERSION = YES_AGGRESSIVE;
				CLANG_CXX_LANGUAGE_STANDARD = "gnu++14";
				CLANG_CXX_LIBRARY = "libc++";
				CLANG_ENABLE_MODULES = YES;
				CLANG_ENABLE_OBJC_ARC = YES;
				CLANG_ENABLE_OBJC_WEAK = YES;
				CLANG_WARN_BLOCK_CAPTURE_AUTORELEASING = YES;
				CLANG_WARN_BOOL_CONVERSION = YES;
				CLANG_WARN_COMMA = YES;
				CLANG_WARN_CONSTANT_CONVERSION = YES;
				CLANG_WARN_DEPRECATED_OBJC_IMPLEMENTATIONS = YES;
				CLANG_WARN_DIRECT_OBJC_ISA_USAGE = YES_ERROR;
				CLANG_WARN_DOCUMENTATION_COMMENTS = YES;
				CLANG_WARN_EMPTY_BODY = YES;
				CLANG_WARN_ENUM_CONVERSION = YES;
				CLANG_WARN_INFINITE_RECURSION = YES;
				CLANG_WARN_INT_CONVERSION = YES;
				CLANG_WARN_NON_LITERAL_NULL_CONVERSION = YES;
				CLANG_WARN_OBJC_IMPLICIT_RETAIN_SELF = YES;
				CLANG_WARN_OBJC_LITERAL_CONVERSION = YES;
				CLANG_WARN_OBJC_ROOT_CLASS = YES_ERROR;
				CLANG_WARN_QUOTED_INCLUDE_IN_FRAMEWORK_HEADER = YES;
				CLANG_WARN_RANGE_LOOP_ANALYSIS = YES;
				CLANG_WARN_STRICT_PROTOTYPES = YES;
				CLANG_WARN_SUSPICIOUS_MOVE = YES;
				CLANG_WARN_UNGUARDED_AVAILABILITY = YES_AGGRESSIVE;
				CLANG_WARN_UNREACHABLE_CODE = YES;
				CLANG_WARN__DUPLICATE_METHOD_MATCH = YES;
				COPY_PHASE_STRIP = NO;
				DEBUG_INFORMATION_FORMAT = dwarf;
				ENABLE_STRICT_OBJC_MSGSEND = YES;
				ENABLE_TESTABILITY = YES;
				GCC_C_LANGUAGE_STANDARD = gnu11;
				GCC_DYNAMIC_NO_PIC = NO;
				GCC_NO_COMMON_BLOCKS = YES;
				GCC_OPTIMIZATION_LEVEL = 0;
				GCC_PREPROCESSOR_DEFINITIONS = (
					"DEBUG=1",
					"$(inherited)",
				);
				GCC_WARN_64_TO_32_BIT_CONVERSION = YES;
				GCC_WARN_ABOUT_RETURN_TYPE = YES_ERROR;
				GCC_WARN_UNDECLARED_SELECTOR = YES;
				GCC_WARN_UNINITIALIZED_AUTOS = YES_AGGRESSIVE;
				GCC_WARN_UNUSED_FUNCTION = YES;
				GCC_WARN_UNUSED_VARIABLE = YES;
				IPHONEOS_DEPLOYMENT_TARGET = 14.2;
				MTL_ENABLE_DEBUG_INFO = INCLUDE_SOURCE;
				MTL_FAST_MATH = YES;
				ONLY_ACTIVE_ARCH = YES;
				SDKROOT = iphoneos;
				SWIFT_ACTIVE_COMPILATION_CONDITIONS = DEBUG;
				SWIFT_OPTIMIZATION_LEVEL = "-Onone";
			};
			name = Debug;
		};
		7F44375B25C59B2E0002ED32 /* Release */ = {
			isa = XCBuildConfiguration;
			buildSettings = {
				ALWAYS_SEARCH_USER_PATHS = NO;
				CLANG_ANALYZER_NONNULL = YES;
				CLANG_ANALYZER_NUMBER_OBJECT_CONVERSION = YES_AGGRESSIVE;
				CLANG_CXX_LANGUAGE_STANDARD = "gnu++14";
				CLANG_CXX_LIBRARY = "libc++";
				CLANG_ENABLE_MODULES = YES;
				CLANG_ENABLE_OBJC_ARC = YES;
				CLANG_ENABLE_OBJC_WEAK = YES;
				CLANG_WARN_BLOCK_CAPTURE_AUTORELEASING = YES;
				CLANG_WARN_BOOL_CONVERSION = YES;
				CLANG_WARN_COMMA = YES;
				CLANG_WARN_CONSTANT_CONVERSION = YES;
				CLANG_WARN_DEPRECATED_OBJC_IMPLEMENTATIONS = YES;
				CLANG_WARN_DIRECT_OBJC_ISA_USAGE = YES_ERROR;
				CLANG_WARN_DOCUMENTATION_COMMENTS = YES;
				CLANG_WARN_EMPTY_BODY = YES;
				CLANG_WARN_ENUM_CONVERSION = YES;
				CLANG_WARN_INFINITE_RECURSION = YES;
				CLANG_WARN_INT_CONVERSION = YES;
				CLANG_WARN_NON_LITERAL_NULL_CONVERSION = YES;
				CLANG_WARN_OBJC_IMPLICIT_RETAIN_SELF = YES;
				CLANG_WARN_OBJC_LITERAL_CONVERSION = YES;
				CLANG_WARN_OBJC_ROOT_CLASS = YES_ERROR;
				CLANG_WARN_QUOTED_INCLUDE_IN_FRAMEWORK_HEADER = YES;
				CLANG_WARN_RANGE_LOOP_ANALYSIS = YES;
				CLANG_WARN_STRICT_PROTOTYPES = YES;
				CLANG_WARN_SUSPICIOUS_MOVE = YES;
				CLANG_WARN_UNGUARDED_AVAILABILITY = YES_AGGRESSIVE;
				CLANG_WARN_UNREACHABLE_CODE = YES;
				CLANG_WARN__DUPLICATE_METHOD_MATCH = YES;
				COPY_PHASE_STRIP = NO;
				DEBUG_INFORMATION_FORMAT = "dwarf-with-dsym";
				ENABLE_NS_ASSERTIONS = NO;
				ENABLE_STRICT_OBJC_MSGSEND = YES;
				GCC_C_LANGUAGE_STANDARD = gnu11;
				GCC_NO_COMMON_BLOCKS = YES;
				GCC_WARN_64_TO_32_BIT_CONVERSION = YES;
				GCC_WARN_ABOUT_RETURN_TYPE = YES_ERROR;
				GCC_WARN_UNDECLARED_SELECTOR = YES;
				GCC_WARN_UNINITIALIZED_AUTOS = YES_AGGRESSIVE;
				GCC_WARN_UNUSED_FUNCTION = YES;
				GCC_WARN_UNUSED_VARIABLE = YES;
				IPHONEOS_DEPLOYMENT_TARGET = 14.2;
				MTL_ENABLE_DEBUG_INFO = NO;
				MTL_FAST_MATH = YES;
				SDKROOT = iphoneos;
				SWIFT_COMPILATION_MODE = wholemodule;
				SWIFT_OPTIMIZATION_LEVEL = "-O";
				VALIDATE_PRODUCT = YES;
			};
			name = Release;
		};
		7F44375D25C59B2E0002ED32 /* Debug */ = {
			isa = XCBuildConfiguration;
			buildSettings = {
				ASSETCATALOG_COMPILER_APPICON_NAME = AppIcon;
				ASSETCATALOG_COMPILER_GLOBAL_ACCENT_COLOR_NAME = AccentColor;
				CODE_SIGN_STYLE = Automatic;
				DEVELOPMENT_ASSET_PATHS = "\"TaxiNearMe_SG/Preview Content\"";
				DEVELOPMENT_TEAM = 8LQD4W8MAQ;
				ENABLE_PREVIEWS = YES;
				INFOPLIST_FILE = TaxiNearMe_SG/Info.plist;
				IPHONEOS_DEPLOYMENT_TARGET = 14.0;
				LD_RUNPATH_SEARCH_PATHS = (
					"$(inherited)",
					"@executable_path/Frameworks",
				);
				PRODUCT_BUNDLE_IDENTIFIER = "NM.TaxiNearMe-SG";
				PRODUCT_NAME = "$(TARGET_NAME)";
				SWIFT_VERSION = 5.0;
				TARGETED_DEVICE_FAMILY = "1,2";
			};
			name = Debug;
		};
		7F44375E25C59B2E0002ED32 /* Release */ = {
			isa = XCBuildConfiguration;
			buildSettings = {
				ASSETCATALOG_COMPILER_APPICON_NAME = AppIcon;
				ASSETCATALOG_COMPILER_GLOBAL_ACCENT_COLOR_NAME = AccentColor;
				CODE_SIGN_STYLE = Automatic;
				DEVELOPMENT_ASSET_PATHS = "\"TaxiNearMe_SG/Preview Content\"";
				DEVELOPMENT_TEAM = 8LQD4W8MAQ;
				ENABLE_PREVIEWS = YES;
				INFOPLIST_FILE = TaxiNearMe_SG/Info.plist;
				IPHONEOS_DEPLOYMENT_TARGET = 14.0;
				LD_RUNPATH_SEARCH_PATHS = (
					"$(inherited)",
					"@executable_path/Frameworks",
				);
				PRODUCT_BUNDLE_IDENTIFIER = "NM.TaxiNearMe-SG";
				PRODUCT_NAME = "$(TARGET_NAME)";
				SWIFT_VERSION = 5.0;
				TARGETED_DEVICE_FAMILY = "1,2";
			};
			name = Release;
		};
/* End XCBuildConfiguration section */

/* Begin XCConfigurationList section */
		7F44374825C59B2B0002ED32 /* Build configuration list for PBXProject "TaxiNearMe_SG" */ = {
			isa = XCConfigurationList;
			buildConfigurations = (
				7F44375A25C59B2E0002ED32 /* Debug */,
				7F44375B25C59B2E0002ED32 /* Release */,
			);
			defaultConfigurationIsVisible = 0;
			defaultConfigurationName = Release;
		};
		7F44375C25C59B2E0002ED32 /* Build configuration list for PBXNativeTarget "TaxiNearMe_SG" */ = {
			isa = XCConfigurationList;
			buildConfigurations = (
				7F44375D25C59B2E0002ED32 /* Debug */,
				7F44375E25C59B2E0002ED32 /* Release */,
			);
			defaultConfigurationIsVisible = 0;
			defaultConfigurationName = Release;
		};
/* End XCConfigurationList section */
	};
	rootObject = 7F44374525C59B2B0002ED32 /* Project object */;
}
